
Microsoft Visual Studio Solution File, Format Version 12.00
# Visual Studio Version 17
VisualStudioVersion = 17.14.36221.1 d17.14
MinimumVisualStudioVersion = 10.0.40219.1
Project("{FAE04EC0-301F-11D3-BF4B-00C04F79EFBC}") = "Tesks.API", "Tesks.API\Tesks.API.csproj", "{AB2BAE50-8628-4DF4-A49B-6E304281B779}"
EndProject
Project("{FAE04EC0-301F-11D3-BF4B-00C04F79EFBC}") = "Tasks.Application", "Tasks.Application\Tasks.Application.csproj", "{934214E4-5EAC-4727-8D91-4D9E118FC1A5}"
EndProject
Project("{FAE04EC0-301F-11D3-BF4B-00C04F79EFBC}") = "Tasks.Communication", "Tasks.Communication\Tasks.Communication.csproj", "{F59F49E0-79D2-4D90-975C-D395B0951A60}"
EndProject
Global
	GlobalSection(SolutionConfigurationPlatforms) = preSolution
		Debug|Any CPU = Debug|Any CPU
		Release|Any CPU = Release|Any CPU
	EndGlobalSection
	GlobalSection(ProjectConfigurationPlatforms) = postSolution
		{AB2BAE50-8628-4DF4-A49B-6E304281B779}.Debug|Any CPU.ActiveCfg = Debug|Any CPU
		{AB2BAE50-8628-4DF4-A49B-6E304281B779}.Debug|Any CPU.Build.0 = Debug|Any CPU
		{AB2BAE50-8628-4DF4-A49B-6E304281B779}.Release|Any CPU.ActiveCfg = Release|Any CPU
		{AB2BAE50-8628-4DF4-A49B-6E304281B779}.Release|Any CPU.Build.0 = Release|Any CPU
		{934214E4-5EAC-4727-8D91-4D9E118FC1A5}.Debug|Any CPU.ActiveCfg = Debug|Any CPU
		{934214E4-5EAC-4727-8D91-4D9E118FC1A5}.Debug|Any CPU.Build.0 = Debug|Any CPU
		{934214E4-5EAC-4727-8D91-4D9E118FC1A5}.Release|Any CPU.ActiveCfg = Release|Any CPU
		{934214E4-5EAC-4727-8D91-4D9E118FC1A5}.Release|Any CPU.Build.0 = Release|Any CPU
		{F59F49E0-79D2-4D90-975C-D395B0951A60}.Debug|Any CPU.ActiveCfg = Debug|Any CPU
		{F59F49E0-79D2-4D90-975C-D395B0951A60}.Debug|Any CPU.Build.0 = Debug|Any CPU
		{F59F49E0-79D2-4D90-975C-D395B0951A60}.Release|Any CPU.ActiveCfg = Release|Any CPU
		{F59F49E0-79D2-4D90-975C-D395B0951A60}.Release|Any CPU.Build.0 = Release|Any CPU
	EndGlobalSection
	GlobalSection(SolutionProperties) = preSolution
		HideSolutionNode = FALSE
	EndGlobalSection
	GlobalSection(ExtensibilityGlobals) = postSolution
		SolutionGuid = {F7C97733-E559-4B3E-BE1F-A41E34CFE32C}
	EndGlobalSection
EndGlobal
